
Microsoft Visual Studio Solution File, Format Version 12.00
# Visual Studio Version 16
VisualStudioVersion = 16.0.30804.86
MinimumVisualStudioVersion = 10.0.40219.1
Project("{FAE04EC0-301F-11D3-BF4B-00C04F79EFBC}") = "DogGo2.0", "DogGo2.0\DogGo2.0.csproj", "{28B085E5-85A8-484E-9BF1-F0AF826A2A60}"
EndProject
Global
	GlobalSection(SolutionConfigurationPlatforms) = preSolution
		Debug|Any CPU = Debug|Any CPU
		Release|Any CPU = Release|Any CPU
	EndGlobalSection
	GlobalSection(ProjectConfigurationPlatforms) = postSolution
		{28B085E5-85A8-484E-9BF1-F0AF826A2A60}.Debug|Any CPU.ActiveCfg = Debug|Any CPU
		{28B085E5-85A8-484E-9BF1-F0AF826A2A60}.Debug|Any CPU.Build.0 = Debug|Any CPU
		{28B085E5-85A8-484E-9BF1-F0AF826A2A60}.Release|Any CPU.ActiveCfg = Release|Any CPU
		{28B085E5-85A8-484E-9BF1-F0AF826A2A60}.Release|Any CPU.Build.0 = Release|Any CPU
	EndGlobalSection
	GlobalSection(SolutionProperties) = preSolution
		HideSolutionNode = FALSE
	EndGlobalSection
	GlobalSection(ExtensibilityGlobals) = postSolution
		SolutionGuid = {66024E08-4BCE-4B9D-A336-E0ED81DE0C75}
	EndGlobalSection
EndGlobal
